{
  "version": 4,
  "terraform_version": "1.8.4",
  "serial": 43,
  "lineage": "435e109a-29f4-f9d2-f56d-535fda9aba74",
  "outputs": {},
  "resources": [
    {
      "mode": "data",
      "type": "template_file",
      "name": "user_data_vm1",
      "provider": "provider[\"registry.terraform.io/hashicorp/template\"]",
      "instances": [
        {
          "schema_version": 0,
          "attributes": {
            "filename": null,
            "id": "b336418d3255ca76350328c7ce75192502433ff07708858118f10d1bc557e987",
            "rendered": "#cloud-config\nhostname: vm1\nmanage_etc_hosts: true\n\nusers:\n  - name: lucas-ponce\n    plain_text_passwd: \"123\"\n    lock_passwd: false\n    ssh-authorized-keys:\n      - ssh-rsa AAAAB3NzaC1yc2EAAAADAQABAAACAQCu...  # sua chave aqui\n    sudo: [\"ALL=(ALL) NOPASSWD:ALL\"]\n    shell: /bin/bash\n\nwrite_files:\n  - path: /root/setup-dhcpconfig.sh\n    permissions: '0755'\n    content: |\n      #!/bin/bash\n      set -e\n\n      echo \"[*] Aplicando IP fixo...\"\n\n      cat \u003e /etc/netplan/50-cloud-init.yaml \u003c\u003cEOF\n      network:\n        version: 2\n        ethernets:\n          ens3:\n            dhcp4: no\n            addresses:\n              - 192.168.18.10/24\n            gateway4: 192.168.18.1\n            nameservers:\n              addresses: [8.8.8.8, 1.1.1.1]\n      EOF\n\n      netplan apply\n      echo \"[+] IP fixo aplicado!\"\n\n      echo \"[*] Instalando isc-dhcp-server com retry...\"\n      for i in {1..5}; do\n        apt update \u0026\u0026 apt install -y isc-dhcp-server \u0026\u0026 break\n        echo \"[!] Tentativa $i falhou. Tentando novamente em 5 segundos...\"\n        sleep 5\n      done\n\n      echo \"[*] Configurando dhcpd.conf...\"\n      cat \u003e /etc/dhcp/dhcpd.conf \u003c\u003cEOF\n      default-lease-time 600;\n      max-lease-time 7200;\n      authoritative;\n      subnet 192.168.18.0 netmask 255.255.255.0 {\n        range 192.168.18.30 192.168.18.50;\n        option routers 192.168.18.10;\n        option domain-name-servers 8.8.8.8;\n      }\n      EOF\n\n      echo 'INTERFACESv4=\"ens3\"' \u003e /etc/default/isc-dhcp-server\n\n      echo \"[*] Ativando serviço...\"\n      systemctl enable isc-dhcp-server\n      systemctl restart isc-dhcp-server\n      systemctl status isc-dhcp-server --no-pager\n\nruncmd:\n  - sleep 10\n  - bash /root/setup-dhcpconfig.sh\n",
            "template": "#cloud-config\nhostname: vm1\nmanage_etc_hosts: true\n\nusers:\n  - name: lucas-ponce\n    plain_text_passwd: \"123\"\n    lock_passwd: false\n    ssh-authorized-keys:\n      - ssh-rsa AAAAB3NzaC1yc2EAAAADAQABAAACAQCu...  # sua chave aqui\n    sudo: [\"ALL=(ALL) NOPASSWD:ALL\"]\n    shell: /bin/bash\n\nwrite_files:\n  - path: /root/setup-dhcpconfig.sh\n    permissions: '0755'\n    content: |\n      #!/bin/bash\n      set -e\n\n      echo \"[*] Aplicando IP fixo...\"\n\n      cat \u003e /etc/netplan/50-cloud-init.yaml \u003c\u003cEOF\n      network:\n        version: 2\n        ethernets:\n          ens3:\n            dhcp4: no\n            addresses:\n              - 192.168.18.10/24\n            gateway4: 192.168.18.1\n            nameservers:\n              addresses: [8.8.8.8, 1.1.1.1]\n      EOF\n\n      netplan apply\n      echo \"[+] IP fixo aplicado!\"\n\n      echo \"[*] Instalando isc-dhcp-server com retry...\"\n      for i in {1..5}; do\n        apt update \u0026\u0026 apt install -y isc-dhcp-server \u0026\u0026 break\n        echo \"[!] Tentativa $i falhou. Tentando novamente em 5 segundos...\"\n        sleep 5\n      done\n\n      echo \"[*] Configurando dhcpd.conf...\"\n      cat \u003e /etc/dhcp/dhcpd.conf \u003c\u003cEOF\n      default-lease-time 600;\n      max-lease-time 7200;\n      authoritative;\n      subnet 192.168.18.0 netmask 255.255.255.0 {\n        range 192.168.18.30 192.168.18.50;\n        option routers 192.168.18.10;\n        option domain-name-servers 8.8.8.8;\n      }\n      EOF\n\n      echo 'INTERFACESv4=\"ens3\"' \u003e /etc/default/isc-dhcp-server\n\n      echo \"[*] Ativando serviço...\"\n      systemctl enable isc-dhcp-server\n      systemctl restart isc-dhcp-server\n      systemctl status isc-dhcp-server --no-pager\n\nruncmd:\n  - sleep 10\n  - bash /root/setup-dhcpconfig.sh\n",
            "vars": null
          },
          "sensitive_attributes": []
        }
      ]
    },
    {
      "mode": "data",
      "type": "template_file",
      "name": "user_data_vm2",
      "provider": "provider[\"registry.terraform.io/hashicorp/template\"]",
      "instances": [
        {
          "schema_version": 0,
          "attributes": {
            "filename": null,
            "id": "f41b4977294f47d8f152871967892a6285454f055aa464b05b95c3fddcd1f921",
            "rendered": "#cloud-config\nhostname: vm2\nmanage_etc_hosts: true\n\nusers:\n  - name: lucas-ponce\n    plain_text_passwd: \"123\"\n    lock_passwd: false\n    ssh-authorized-keys:\n      - ssh-rsa AAAAB3NzaC1yc2EAAAADAQABAAACAQCu...  # sua chave aqui\n    sudo: [\"ALL=(ALL) NOPASSWD:ALL\"]\n    shell: /bin/bash\n\nnetwork:\n  version: 2\n  ethernets:\n    ens3:\n      dhcp4: true\n",
            "template": "#cloud-config\nhostname: vm2\nmanage_etc_hosts: true\n\nusers:\n  - name: lucas-ponce\n    plain_text_passwd: \"123\"\n    lock_passwd: false\n    ssh-authorized-keys:\n      - ssh-rsa AAAAB3NzaC1yc2EAAAADAQABAAACAQCu...  # sua chave aqui\n    sudo: [\"ALL=(ALL) NOPASSWD:ALL\"]\n    shell: /bin/bash\n\nnetwork:\n  version: 2\n  ethernets:\n    ens3:\n      dhcp4: true\n",
            "vars": null
          },
          "sensitive_attributes": []
        }
      ]
    },
    {
      "mode": "managed",
      "type": "libvirt_cloudinit_disk",
      "name": "cloudinit_vm1",
      "provider": "provider[\"registry.terraform.io/dmacvicar/libvirt\"]",
      "instances": [
        {
          "schema_version": 0,
          "attributes": {
            "id": "/var/lib/libvirt/images/cloudinit-vm1.iso;beb0906b-9c41-4c47-817d-cb11ceaaf94f",
            "meta_data": "",
            "name": "cloudinit-vm1.iso",
            "network_config": "",
            "pool": "default",
            "user_data": "#cloud-config\nhostname: vm1\nmanage_etc_hosts: true\n\nusers:\n  - name: lucas-ponce\n    plain_text_passwd: \"123\"\n    lock_passwd: false\n    ssh-authorized-keys:\n      - ssh-rsa AAAAB3NzaC1yc2EAAAADAQABAAACAQCu...  # sua chave aqui\n    sudo: [\"ALL=(ALL) NOPASSWD:ALL\"]\n    shell: /bin/bash\n\nwrite_files:\n  - path: /root/setup-dhcpconfig.sh\n    permissions: '0755'\n    content: |\n      #!/bin/bash\n      set -e\n\n      echo \"[*] Aplicando IP fixo...\"\n\n      cat \u003e /etc/netplan/50-cloud-init.yaml \u003c\u003cEOF\n      network:\n        version: 2\n        ethernets:\n          ens3:\n            dhcp4: no\n            addresses:\n              - 192.168.18.10/24\n            gateway4: 192.168.18.1\n            nameservers:\n              addresses: [8.8.8.8, 1.1.1.1]\n      EOF\n\n      netplan apply\n      echo \"[+] IP fixo aplicado!\"\n\n      echo \"[*] Instalando isc-dhcp-server com retry...\"\n      for i in {1..5}; do\n        apt update \u0026\u0026 apt install -y isc-dhcp-server \u0026\u0026 break\n        echo \"[!] Tentativa $i falhou. Tentando novamente em 5 segundos...\"\n        sleep 5\n      done\n\n      echo \"[*] Configurando dhcpd.conf...\"\n      cat \u003e /etc/dhcp/dhcpd.conf \u003c\u003cEOF\n      default-lease-time 600;\n      max-lease-time 7200;\n      authoritative;\n      subnet 192.168.18.0 netmask 255.255.255.0 {\n        range 192.168.18.30 192.168.18.50;\n        option routers 192.168.18.10;\n        option domain-name-servers 8.8.8.8;\n      }\n      EOF\n\n      echo 'INTERFACESv4=\"ens3\"' \u003e /etc/default/isc-dhcp-server\n\n      echo \"[*] Ativando serviço...\"\n      systemctl enable isc-dhcp-server\n      systemctl restart isc-dhcp-server\n      systemctl status isc-dhcp-server --no-pager\n\nruncmd:\n  - sleep 10\n  - bash /root/setup-dhcpconfig.sh\n"
          },
          "sensitive_attributes": [],
          "private": "bnVsbA==",
          "dependencies": [
            "data.template_file.user_data_vm1"
          ]
        }
      ]
    },
    {
      "mode": "managed",
      "type": "libvirt_cloudinit_disk",
      "name": "cloudinit_vm2",
      "provider": "provider[\"registry.terraform.io/dmacvicar/libvirt\"]",
      "instances": [
        {
          "schema_version": 0,
          "attributes": {
            "id": "/var/lib/libvirt/images/cloudinit-vm2.iso;a421852d-1dd4-40f2-ac12-a89306df12f2",
            "meta_data": "",
            "name": "cloudinit-vm2.iso",
            "network_config": "",
            "pool": "default",
            "user_data": "#cloud-config\nhostname: vm2\nmanage_etc_hosts: true\n\nusers:\n  - name: lucas-ponce\n    plain_text_passwd: \"123\"\n    lock_passwd: false\n    ssh-authorized-keys:\n      - ssh-rsa AAAAB3NzaC1yc2EAAAADAQABAAACAQCu...  # sua chave aqui\n    sudo: [\"ALL=(ALL) NOPASSWD:ALL\"]\n    shell: /bin/bash\n\nnetwork:\n  version: 2\n  ethernets:\n    ens3:\n      dhcp4: true\n"
          },
          "sensitive_attributes": [],
          "private": "bnVsbA==",
          "dependencies": [
            "data.template_file.user_data_vm2"
          ]
        }
      ]
    },
    {
      "mode": "managed",
      "type": "libvirt_domain",
      "name": "vm1",
      "provider": "provider[\"registry.terraform.io/dmacvicar/libvirt\"]",
      "instances": [
        {
          "schema_version": 0,
          "attributes": {
            "arch": "x86_64",
            "autostart": false,
            "boot_device": [],
            "cloudinit": "/var/lib/libvirt/images/cloudinit-vm1.iso;beb0906b-9c41-4c47-817d-cb11ceaaf94f",
            "cmdline": null,
            "console": [
              {
                "source_host": "127.0.0.1",
                "source_path": "",
                "source_service": "0",
                "target_port": "0",
                "target_type": "",
                "type": "pty"
              }
            ],
            "coreos_ignition": null,
            "cpu": [
              {
                "mode": "custom"
              }
            ],
            "description": "",
            "disk": [
              {
                "block_device": "",
                "file": "",
                "scsi": false,
                "url": "",
                "volume_id": "/var/lib/libvirt/images/ubuntu-vm1.qcow2",
                "wwn": ""
              }
            ],
            "emulator": "/usr/bin/qemu-system-x86_64",
            "filesystem": [],
            "firmware": null,
            "fw_cfg_name": "opt/com.coreos/config",
            "graphics": [
              {
                "autoport": true,
                "listen_address": "127.0.0.1",
                "listen_type": "none",
                "type": "spice",
                "websocket": 0
              }
            ],
            "id": "2296ebc6-fdff-46da-81c3-8b9f4d8dc3b7",
            "initrd": "",
            "kernel": "",
            "machine": "ubuntu",
            "memory": 1024,
            "metadata": null,
            "name": "vm1",
            "network_interface": [
              {
                "addresses": [],
                "bridge": "",
                "hostname": "",
                "mac": "52:54:00:00:00:10",
                "macvtap": "",
                "network_id": "d46f7807-75d2-411d-88b3-0cdd56d9d195",
                "network_name": "custom-net",
                "passthrough": "",
                "vepa": "",
                "wait_for_lease": false
              }
            ],
            "nvram": [],
            "qemu_agent": false,
            "running": true,
            "timeouts": null,
            "tpm": [],
            "vcpu": 1,
            "video": [],
            "xml": []
          },
          "sensitive_attributes": [],
          "private": "eyJlMmJmYjczMC1lY2FhLTExZTYtOGY4OC0zNDM2M2JjN2M0YzAiOnsiY3JlYXRlIjozMDAwMDAwMDAwMDB9fQ==",
          "dependencies": [
            "data.template_file.user_data_vm1",
            "libvirt_cloudinit_disk.cloudinit_vm1",
            "libvirt_volume.ubuntu_base",
            "libvirt_volume.ubuntu_vm1"
          ]
        }
      ]
    },
    {
      "mode": "managed",
      "type": "libvirt_domain",
      "name": "vm2",
      "provider": "provider[\"registry.terraform.io/dmacvicar/libvirt\"]",
      "instances": [
        {
          "schema_version": 0,
          "attributes": {
            "arch": "x86_64",
            "autostart": false,
            "boot_device": [],
            "cloudinit": "/var/lib/libvirt/images/cloudinit-vm2.iso;a421852d-1dd4-40f2-ac12-a89306df12f2",
            "cmdline": null,
            "console": [
              {
                "source_host": "127.0.0.1",
                "source_path": "",
                "source_service": "0",
                "target_port": "0",
                "target_type": "",
                "type": "pty"
              }
            ],
            "coreos_ignition": null,
            "cpu": [
              {
                "mode": "custom"
              }
            ],
            "description": "",
            "disk": [
              {
                "block_device": "",
                "file": "",
                "scsi": false,
                "url": "",
                "volume_id": "/var/lib/libvirt/images/ubuntu-vm2.qcow2",
                "wwn": ""
              }
            ],
            "emulator": "/usr/bin/qemu-system-x86_64",
            "filesystem": [],
            "firmware": null,
            "fw_cfg_name": "opt/com.coreos/config",
            "graphics": [
              {
                "autoport": true,
                "listen_address": "127.0.0.1",
                "listen_type": "none",
                "type": "spice",
                "websocket": 0
              }
            ],
            "id": "01ea0de4-44c7-495c-9ca1-5ec3b90df7bc",
            "initrd": "",
            "kernel": "",
            "machine": "ubuntu",
            "memory": 1024,
            "metadata": null,
            "name": "vm2",
            "network_interface": [
              {
                "addresses": [],
                "bridge": "",
                "hostname": "",
                "mac": "52:54:00:E2:64:26",
                "macvtap": "",
                "network_id": "d46f7807-75d2-411d-88b3-0cdd56d9d195",
                "network_name": "custom-net",
                "passthrough": "",
                "vepa": "",
                "wait_for_lease": false
              }
            ],
            "nvram": [],
            "qemu_agent": false,
            "running": true,
            "timeouts": null,
            "tpm": [],
            "vcpu": 1,
            "video": [],
            "xml": []
          },
          "sensitive_attributes": [],
          "private": "eyJlMmJmYjczMC1lY2FhLTExZTYtOGY4OC0zNDM2M2JjN2M0YzAiOnsiY3JlYXRlIjozMDAwMDAwMDAwMDB9fQ==",
          "dependencies": [
            "data.template_file.user_data_vm2",
            "libvirt_cloudinit_disk.cloudinit_vm2",
            "libvirt_volume.ubuntu_base",
            "libvirt_volume.ubuntu_vm2"
          ]
        }
      ]
    },
    {
      "mode": "managed",
      "type": "libvirt_volume",
      "name": "ubuntu_base",
      "provider": "provider[\"registry.terraform.io/dmacvicar/libvirt\"]",
      "instances": [
        {
          "schema_version": 0,
          "attributes": {
            "base_volume_id": null,
            "base_volume_name": null,
            "base_volume_pool": null,
            "format": "qcow2",
            "id": "/var/lib/libvirt/images/ubuntu-base.qcow2",
            "name": "ubuntu-base.qcow2",
            "pool": "default",
            "size": 2361393152,
            "source": "focal-server-cloudimg-amd64.img",
            "xml": []
          },
          "sensitive_attributes": [],
          "private": "bnVsbA=="
        }
      ]
    },
    {
      "mode": "managed",
      "type": "libvirt_volume",
      "name": "ubuntu_vm1",
      "provider": "provider[\"registry.terraform.io/dmacvicar/libvirt\"]",
      "instances": [
        {
          "schema_version": 0,
          "attributes": {
            "base_volume_id": "/var/lib/libvirt/images/ubuntu-base.qcow2",
            "base_volume_name": null,
            "base_volume_pool": null,
            "format": "qcow2",
            "id": "/var/lib/libvirt/images/ubuntu-vm1.qcow2",
            "name": "ubuntu-vm1.qcow2",
            "pool": "default",
            "size": 2361393152,
            "source": null,
            "xml": []
          },
          "sensitive_attributes": [],
          "private": "bnVsbA==",
          "dependencies": [
            "libvirt_volume.ubuntu_base"
          ]
        }
      ]
    },
    {
      "mode": "managed",
      "type": "libvirt_volume",
      "name": "ubuntu_vm2",
      "provider": "provider[\"registry.terraform.io/dmacvicar/libvirt\"]",
      "instances": [
        {
          "schema_version": 0,
          "attributes": {
            "base_volume_id": "/var/lib/libvirt/images/ubuntu-base.qcow2",
            "base_volume_name": null,
            "base_volume_pool": null,
            "format": "qcow2",
            "id": "/var/lib/libvirt/images/ubuntu-vm2.qcow2",
            "name": "ubuntu-vm2.qcow2",
            "pool": "default",
            "size": 2361393152,
            "source": null,
            "xml": []
          },
          "sensitive_attributes": [],
          "private": "bnVsbA==",
          "dependencies": [
            "libvirt_volume.ubuntu_base"
          ]
        }
      ]
    }
  ],
  "check_results": null
}
